
Microsoft Visual Studio Solution File, Format Version 12.00
# Visual Studio Version 17
VisualStudioVersion = 17.9.34607.119
MinimumVisualStudioVersion = 10.0.40219.1
Project("{2150E333-8FDC-42A3-9474-1A3956D46DE8}") = "SolutionItems", "SolutionItems", "{21378147-57C3-4DC6-8B11-AFA9A07F77D6}"
	ProjectSection(SolutionItems) = preProject
		Directory.Build.props = Directory.Build.props
		README.md = README.md
	EndProjectSection
EndProject
Project("{2150E333-8FDC-42A3-9474-1A3956D46DE8}") = "src", "src", "{F32198D7-C729-413E-935E-7C0251474238}"
EndProject
Project("{2150E333-8FDC-42A3-9474-1A3956D46DE8}") = "tests", "tests", "{09FB4069-50DE-43AE-B5EF-95AB77B1CC6C}"
EndProject
Project("{9A19103F-16F7-4668-BE54-9A1E7A4F7556}") = "Server", "src\Server\Server.csproj", "{B3CBFF37-2591-4D32-AE9A-B45D0C2DFCD2}"
EndProject
Project("{9A19103F-16F7-4668-BE54-9A1E7A4F7556}") = "DbDeploy", "src\DbDeploy\DbDeploy.csproj", "{003EA9EC-6616-48B7-87B7-EC7FC046759E}"
EndProject
Project("{9A19103F-16F7-4668-BE54-9A1E7A4F7556}") = "Domain", "src\Domain\Domain.csproj", "{555B4660-E160-4723-80EB-CE3E7DC281A6}"
EndProject
Project("{9A19103F-16F7-4668-BE54-9A1E7A4F7556}") = "Application", "src\Application\Application.csproj", "{B8813C86-34D8-45EA-97F5-7C346751D678}"
EndProject
Project("{9A19103F-16F7-4668-BE54-9A1E7A4F7556}") = "Infrastructure", "src\Infrastructure\Infrastructure.csproj", "{9FBFE0F5-8DAD-4EDB-A663-2C75EACF5A31}"
EndProject
Project("{9A19103F-16F7-4668-BE54-9A1E7A4F7556}") = "Presentation", "src\Presentation\Presentation.csproj", "{FF3410CE-CCC9-49AB-BEA0-D7507B1AFDCC}"
EndProject
Project("{9A19103F-16F7-4668-BE54-9A1E7A4F7556}") = "ApplicationIsolationTests", "tests\ApplicationIsolationTests\ApplicationIsolationTests.csproj", "{68FDB4EE-352E-43A9-B8A0-6430DB75EFF0}"
EndProject
Project("{E53339B2-1760-4266-BCC7-CA923CBCF16C}") = "docker-compose", "docker-compose\docker-compose.dcproj", "{D09527FC-7BB4-4230-AE4F-3AFD409960AF}"
EndProject
Global
	GlobalSection(SolutionConfigurationPlatforms) = preSolution
		Debug|Any CPU = Debug|Any CPU
		Release|Any CPU = Release|Any CPU
	EndGlobalSection
	GlobalSection(ProjectConfigurationPlatforms) = postSolution
		{B3CBFF37-2591-4D32-AE9A-B45D0C2DFCD2}.Debug|Any CPU.ActiveCfg = Debug|Any CPU
		{B3CBFF37-2591-4D32-AE9A-B45D0C2DFCD2}.Debug|Any CPU.Build.0 = Debug|Any CPU
		{B3CBFF37-2591-4D32-AE9A-B45D0C2DFCD2}.Release|Any CPU.ActiveCfg = Release|Any CPU
		{B3CBFF37-2591-4D32-AE9A-B45D0C2DFCD2}.Release|Any CPU.Build.0 = Release|Any CPU
		{003EA9EC-6616-48B7-87B7-EC7FC046759E}.Debug|Any CPU.ActiveCfg = Debug|Any CPU
		{003EA9EC-6616-48B7-87B7-EC7FC046759E}.Debug|Any CPU.Build.0 = Debug|Any CPU
		{003EA9EC-6616-48B7-87B7-EC7FC046759E}.Release|Any CPU.ActiveCfg = Release|Any CPU
		{003EA9EC-6616-48B7-87B7-EC7FC046759E}.Release|Any CPU.Build.0 = Release|Any CPU
		{555B4660-E160-4723-80EB-CE3E7DC281A6}.Debug|Any CPU.ActiveCfg = Debug|Any CPU
		{555B4660-E160-4723-80EB-CE3E7DC281A6}.Debug|Any CPU.Build.0 = Debug|Any CPU
		{555B4660-E160-4723-80EB-CE3E7DC281A6}.Release|Any CPU.ActiveCfg = Release|Any CPU
		{555B4660-E160-4723-80EB-CE3E7DC281A6}.Release|Any CPU.Build.0 = Release|Any CPU
		{B8813C86-34D8-45EA-97F5-7C346751D678}.Debug|Any CPU.ActiveCfg = Debug|Any CPU
		{B8813C86-34D8-45EA-97F5-7C346751D678}.Debug|Any CPU.Build.0 = Debug|Any CPU
		{B8813C86-34D8-45EA-97F5-7C346751D678}.Release|Any CPU.ActiveCfg = Release|Any CPU
		{B8813C86-34D8-45EA-97F5-7C346751D678}.Release|Any CPU.Build.0 = Release|Any CPU
		{9FBFE0F5-8DAD-4EDB-A663-2C75EACF5A31}.Debug|Any CPU.ActiveCfg = Debug|Any CPU
		{9FBFE0F5-8DAD-4EDB-A663-2C75EACF5A31}.Debug|Any CPU.Build.0 = Debug|Any CPU
		{9FBFE0F5-8DAD-4EDB-A663-2C75EACF5A31}.Release|Any CPU.ActiveCfg = Release|Any CPU
		{9FBFE0F5-8DAD-4EDB-A663-2C75EACF5A31}.Release|Any CPU.Build.0 = Release|Any CPU
		{FF3410CE-CCC9-49AB-BEA0-D7507B1AFDCC}.Debug|Any CPU.ActiveCfg = Debug|Any CPU
		{FF3410CE-CCC9-49AB-BEA0-D7507B1AFDCC}.Debug|Any CPU.Build.0 = Debug|Any CPU
		{FF3410CE-CCC9-49AB-BEA0-D7507B1AFDCC}.Release|Any CPU.ActiveCfg = Release|Any CPU
		{FF3410CE-CCC9-49AB-BEA0-D7507B1AFDCC}.Release|Any CPU.Build.0 = Release|Any CPU
		{68FDB4EE-352E-43A9-B8A0-6430DB75EFF0}.Debug|Any CPU.ActiveCfg = Debug|Any CPU
		{68FDB4EE-352E-43A9-B8A0-6430DB75EFF0}.Debug|Any CPU.Build.0 = Debug|Any CPU
		{68FDB4EE-352E-43A9-B8A0-6430DB75EFF0}.Release|Any CPU.ActiveCfg = Release|Any CPU
		{68FDB4EE-352E-43A9-B8A0-6430DB75EFF0}.Release|Any CPU.Build.0 = Release|Any CPU
		{D09527FC-7BB4-4230-AE4F-3AFD409960AF}.Debug|Any CPU.ActiveCfg = Debug|Any CPU
		{D09527FC-7BB4-4230-AE4F-3AFD409960AF}.Release|Any CPU.ActiveCfg = Release|Any CPU
	EndGlobalSection
	GlobalSection(SolutionProperties) = preSolution
		HideSolutionNode = FALSE
	EndGlobalSection
	GlobalSection(NestedProjects) = preSolution
		{B3CBFF37-2591-4D32-AE9A-B45D0C2DFCD2} = {F32198D7-C729-413E-935E-7C0251474238}
		{003EA9EC-6616-48B7-87B7-EC7FC046759E} = {F32198D7-C729-413E-935E-7C0251474238}
		{555B4660-E160-4723-80EB-CE3E7DC281A6} = {F32198D7-C729-413E-935E-7C0251474238}
		{B8813C86-34D8-45EA-97F5-7C346751D678} = {F32198D7-C729-413E-935E-7C0251474238}
		{9FBFE0F5-8DAD-4EDB-A663-2C75EACF5A31} = {F32198D7-C729-413E-935E-7C0251474238}
		{FF3410CE-CCC9-49AB-BEA0-D7507B1AFDCC} = {F32198D7-C729-413E-935E-7C0251474238}
		{68FDB4EE-352E-43A9-B8A0-6430DB75EFF0} = {09FB4069-50DE-43AE-B5EF-95AB77B1CC6C}
	EndGlobalSection
	GlobalSection(ExtensibilityGlobals) = postSolution
		SolutionGuid = {EFF10B26-1EDE-4CFD-9159-E14E9355AF61}
	EndGlobalSection
EndGlobal
